
Microsoft Visual Studio Solution File, Format Version 12.00
# Visual Studio Version 17
VisualStudioVersion = 17.5.002.0
MinimumVisualStudioVersion = 10.0.40219.1
Project("{9A19103F-16F7-4668-BE54-9A1E7A4F7556}") = "Microsoft.TemplateEngine.JsonCli", "Microsoft.TemplateEngine.JsonCli.csproj", "{5BA9AEF9-30E9-404D-A10E-323AFABE6E9C}"
EndProject
Project("{9A19103F-16F7-4668-BE54-9A1E7A4F7556}") = "Signing", "Signing.csproj", "{E43DBE76-FC2D-4ACB-A657-7E42C074F233}"
EndProject
Global
	GlobalSection(SolutionConfigurationPlatforms) = preSolution
		Debug|Any CPU = Debug|Any CPU
		Release|Any CPU = Release|Any CPU
	EndGlobalSection
	GlobalSection(ProjectConfigurationPlatforms) = postSolution
		{5BA9AEF9-30E9-404D-A10E-323AFABE6E9C}.Debug|Any CPU.ActiveCfg = Debug|Any CPU
		{5BA9AEF9-30E9-404D-A10E-323AFABE6E9C}.Debug|Any CPU.Build.0 = Debug|Any CPU
		{5BA9AEF9-30E9-404D-A10E-323AFABE6E9C}.Release|Any CPU.ActiveCfg = Release|Any CPU
		{5BA9AEF9-30E9-404D-A10E-323AFABE6E9C}.Release|Any CPU.Build.0 = Release|Any CPU
		{E43DBE76-FC2D-4ACB-A657-7E42C074F233}.Debug|Any CPU.ActiveCfg = Debug|Any CPU
		{E43DBE76-FC2D-4ACB-A657-7E42C074F233}.Debug|Any CPU.Build.0 = Debug|Any CPU
		{E43DBE76-FC2D-4ACB-A657-7E42C074F233}.Release|Any CPU.ActiveCfg = Release|Any CPU
		{E43DBE76-FC2D-4ACB-A657-7E42C074F233}.Release|Any CPU.Build.0 = Release|Any CPU
	EndGlobalSection
	GlobalSection(SolutionProperties) = preSolution
		HideSolutionNode = FALSE
	EndGlobalSection
	GlobalSection(ExtensibilityGlobals) = postSolution
		SolutionGuid = {D82CD8F7-6A0F-4D71-834B-E173DB4632D1}
	EndGlobalSection
EndGlobal
